
Microsoft Visual Studio Solution File, Format Version 12.00
# Visual Studio Version 16
VisualStudioVersion = 16.0.31321.278
MinimumVisualStudioVersion = 10.0.40219.1
Project("{FAE04EC0-301F-11D3-BF4B-00C04F79EFBC}") = "HelloBlazorWorld.Server", "HelloBlazorWorld\Server\HelloBlazorWorld.Server.csproj", "{834FC764-F2B5-4258-BA7A-D630BCFF5CC5}"
EndProject
Project("{FAE04EC0-301F-11D3-BF4B-00C04F79EFBC}") = "HelloBlazorWorld.Client", "HelloBlazorWorld\Client\HelloBlazorWorld.Client.csproj", "{57AC8995-EEE9-4DDE-AC76-CE760CB3B83A}"
EndProject
Project("{FAE04EC0-301F-11D3-BF4B-00C04F79EFBC}") = "HelloBlazorWorld.Shared", "HelloBlazorWorld\Shared\HelloBlazorWorld.Shared.csproj", "{B86288BB-5D4E-4EAC-9DEB-B533213EF316}"
EndProject
Global
	GlobalSection(SolutionConfigurationPlatforms) = preSolution
		Debug|Any CPU = Debug|Any CPU
		Release|Any CPU = Release|Any CPU
	EndGlobalSection
	GlobalSection(ProjectConfigurationPlatforms) = postSolution
		{834FC764-F2B5-4258-BA7A-D630BCFF5CC5}.Debug|Any CPU.ActiveCfg = Debug|Any CPU
		{834FC764-F2B5-4258-BA7A-D630BCFF5CC5}.Debug|Any CPU.Build.0 = Debug|Any CPU
		{834FC764-F2B5-4258-BA7A-D630BCFF5CC5}.Release|Any CPU.ActiveCfg = Release|Any CPU
		{834FC764-F2B5-4258-BA7A-D630BCFF5CC5}.Release|Any CPU.Build.0 = Release|Any CPU
		{57AC8995-EEE9-4DDE-AC76-CE760CB3B83A}.Debug|Any CPU.ActiveCfg = Debug|Any CPU
		{57AC8995-EEE9-4DDE-AC76-CE760CB3B83A}.Debug|Any CPU.Build.0 = Debug|Any CPU
		{57AC8995-EEE9-4DDE-AC76-CE760CB3B83A}.Release|Any CPU.ActiveCfg = Release|Any CPU
		{57AC8995-EEE9-4DDE-AC76-CE760CB3B83A}.Release|Any CPU.Build.0 = Release|Any CPU
		{B86288BB-5D4E-4EAC-9DEB-B533213EF316}.Debug|Any CPU.ActiveCfg = Debug|Any CPU
		{B86288BB-5D4E-4EAC-9DEB-B533213EF316}.Debug|Any CPU.Build.0 = Debug|Any CPU
		{B86288BB-5D4E-4EAC-9DEB-B533213EF316}.Release|Any CPU.ActiveCfg = Release|Any CPU
		{B86288BB-5D4E-4EAC-9DEB-B533213EF316}.Release|Any CPU.Build.0 = Release|Any CPU
	EndGlobalSection
	GlobalSection(SolutionProperties) = preSolution
		HideSolutionNode = FALSE
	EndGlobalSection
	GlobalSection(ExtensibilityGlobals) = postSolution
		SolutionGuid = {58F37678-B670-409E-B47C-73705F933358}
	EndGlobalSection
EndGlobal
